
Microsoft Visual Studio Solution File, Format Version 12.00
# Visual Studio Version 17
VisualStudioVersion = 17.5.002.0
MinimumVisualStudioVersion = 10.0.40219.1
Project("{9A19103F-16F7-4668-BE54-9A1E7A4F7556}") = "desafio-fizzbuzz", "desafio-fizzbuzz.csproj", "{F98186FF-DD97-42E2-A14B-7CC2E15A145F}"
EndProject
Global
	GlobalSection(SolutionConfigurationPlatforms) = preSolution
		Debug|Any CPU = Debug|Any CPU
		Release|Any CPU = Release|Any CPU
	EndGlobalSection
	GlobalSection(ProjectConfigurationPlatforms) = postSolution
		{F98186FF-DD97-42E2-A14B-7CC2E15A145F}.Debug|Any CPU.ActiveCfg = Debug|Any CPU
		{F98186FF-DD97-42E2-A14B-7CC2E15A145F}.Debug|Any CPU.Build.0 = Debug|Any CPU
		{F98186FF-DD97-42E2-A14B-7CC2E15A145F}.Release|Any CPU.ActiveCfg = Release|Any CPU
		{F98186FF-DD97-42E2-A14B-7CC2E15A145F}.Release|Any CPU.Build.0 = Release|Any CPU
	EndGlobalSection
	GlobalSection(SolutionProperties) = preSolution
		HideSolutionNode = FALSE
	EndGlobalSection
	GlobalSection(ExtensibilityGlobals) = postSolution
		SolutionGuid = {2BF28460-5895-46B2-8443-B55581B21EFB}
	EndGlobalSection
EndGlobal
